# This file is automatically @generated by Cargo.
# It is not intended for manual editing.
version = 4

[[package]]
name = "emel"
version = "0.1.0"
dependencies = [
 "emel-batch",
 "emel-core",
 "emel-diarization",
 "emel-embeddings",
 "emel-gguf",
 "emel-grammar",
 "emel-graph",
 "emel-io",
 "emel-kernels",
 "emel-logits",
 "emel-memory",
 "emel-model",
 "emel-speech",
 "emel-tensor",
 "emel-text",
 "emel-token",
]

[[package]]
name = "emel-batch"
version = "0.1.0"
dependencies = [
 "stateforward-sml",
]

[[package]]
name = "emel-bench"
version = "0.1.0"
dependencies = [
 "emel-gguf",
 "emel-io",
]

[[package]]
name = "emel-core"
version = "0.1.0"

[[package]]
name = "emel-diarization"
version = "0.1.0"
dependencies = [
 "stateforward-sml",
]

[[package]]
name = "emel-embeddings"
version = "0.1.0"
dependencies = [
 "stateforward-sml",
]

[[package]]
name = "emel-gguf"
version = "0.1.0"
dependencies = [
 "stateforward-sml",
]

[[package]]
name = "emel-gguf-parity"
version = "0.1.0"
dependencies = [
 "emel-gguf",
]

[[package]]
name = "emel-grammar"
version = "0.1.0"
dependencies = [
 "stateforward-sml",
]

[[package]]
name = "emel-graph"
version = "0.1.0"
dependencies = [
 "stateforward-sml",
]

[[package]]
name = "emel-inspect"
version = "0.1.0"
dependencies = [
 "emel",
]

[[package]]
name = "emel-io"
version = "0.1.0"
dependencies = [
 "stateforward-sml",
]

[[package]]
name = "emel-kernels"
version = "0.1.0"
dependencies = [
 "stateforward-sml",
]

[[package]]
name = "emel-logits"
version = "0.1.0"
dependencies = [
 "stateforward-sml",
]

[[package]]
name = "emel-memory"
version = "0.1.0"
dependencies = [
 "stateforward-sml",
]

[[package]]
name = "emel-model"
version = "0.1.0"
dependencies = [
 "stateforward-sml",
]

[[package]]
name = "emel-speech"
version = "0.1.0"
dependencies = [
 "stateforward-sml",
]

[[package]]
name = "emel-tensor"
version = "0.1.0"
dependencies = [
 "stateforward-sml",
]

[[package]]
name = "emel-text"
version = "0.1.0"
dependencies = [
 "stateforward-sml",
]

[[package]]
name = "emel-token"
version = "0.1.0"
dependencies = [
 "stateforward-sml",
]

[[package]]
name = "proc-macro2"
version = "1.0.106"
source = "registry+https://github.com/rust-lang/crates.io-index"
checksum = "8fd00f0bb2e90d81d1044c2b32617f68fcb9fa3bb7640c23e9c748e53fb30934"
dependencies = [
 "unicode-ident",
]

[[package]]
name = "quote"
version = "1.0.46"
source = "registry+https://github.com/rust-lang/crates.io-index"
checksum = "dfbc457d0c7a0759a614551b11a6409e5951f6c7537be1f1b7682b9ae9230368"
dependencies = [
 "proc-macro2",
]

[[package]]
name = "stateforward-sml"
version = "1.1.0"
source = "registry+https://github.com/rust-lang/crates.io-index"
checksum = "535fb9d5b5f5619ef4cb49d54f94af0422402c83aaa47dd3e7da06ec93341102"
dependencies = [
 "stateforward-sml-macros",
]

[[package]]
name = "stateforward-sml-macros"
version = "1.1.0"
source = "registry+https://github.com/rust-lang/crates.io-index"
checksum = "643762aee94cccb8a08bf7ddb26b6d422ceb52a2ed27e81b5f5c787d29c59ffa"
dependencies = [
 "proc-macro2",
 "quote",
 "string_morph",
 "syn",
]

[[package]]
name = "string_morph"
version = "0.1.0"
source = "registry+https://github.com/rust-lang/crates.io-index"
checksum = "183aaf7fa637cc7b5f54c45b8f7cb6e8d73831f9f75a56b6defa5bf8c51d1699"

[[package]]
name = "syn"
version = "2.0.118"
source = "registry+https://github.com/rust-lang/crates.io-index"
checksum = "1b9ae57f904213ebb649ce6895b8a66c66f0203b9319718f69a5612a065b1422"
dependencies = [
 "proc-macro2",
 "quote",
 "unicode-ident",
]

[[package]]
name = "unicode-ident"
version = "1.0.24"
source = "registry+https://github.com/rust-lang/crates.io-index"
checksum = "e6e4313cd5fcd3dad5cafa179702e2b244f760991f45397d14d4ebf38247da75"
